
Microsoft Visual Studio Solution File, Format Version 12.00
# Visual Studio 15
VisualStudioVersion = 15.0.28010.2050
MinimumVisualStudioVersion = 10.0.40219.1
Project("{FAE04EC0-301F-11D3-BF4B-00C04F79EFBC}") = "Kata", "Kata\Kata.csproj", "{99093224-B612-45C0-8B17-A4318E00B5EE}"
EndProject
Global
	GlobalSection(SolutionConfigurationPlatforms) = preSolution
		Debug|Any CPU = Debug|Any CPU
		Release|Any CPU = Release|Any CPU
	EndGlobalSection
	GlobalSection(ProjectConfigurationPlatforms) = postSolution
		{99093224-B612-45C0-8B17-A4318E00B5EE}.Debug|Any CPU.ActiveCfg = Debug|Any CPU
		{99093224-B612-45C0-8B17-A4318E00B5EE}.Debug|Any CPU.Build.0 = Debug|Any CPU
		{99093224-B612-45C0-8B17-A4318E00B5EE}.Release|Any CPU.ActiveCfg = Release|Any CPU
		{99093224-B612-45C0-8B17-A4318E00B5EE}.Release|Any CPU.Build.0 = Release|Any CPU
	EndGlobalSection
	GlobalSection(SolutionProperties) = preSolution
		HideSolutionNode = FALSE
	EndGlobalSection
	GlobalSection(ExtensibilityGlobals) = postSolution
		SolutionGuid = {B15BE7B8-24CC-4DEC-B291-2E789A326477}
	EndGlobalSection
EndGlobal
